// !$*UTF8*$!
{
	archiveVersion = 1;
	classes = {
	};
	objectVersion = 46;
	objects = {

/* Begin PBXBuildFile section */
		22C41DBB16D4B2F900B4D937 /* UIKit.framework in Frameworks */ = {isa = PBXBuildFile; fileRef = 22C41DBA16D4B2F900B4D937 /* UIKit.framework */; };
		22C41DBD16D4B2F900B4D937 /* Foundation.framework in Frameworks */ = {isa = PBXBuildFile; fileRef = 22C41DBC16D4B2F900B4D937 /* Foundation.framework */; };
		22C41DBF16D4B2F900B4D937 /* CoreGraphics.framework in Frameworks */ = {isa = PBXBuildFile; fileRef = 22C41DBE16D4B2F900B4D937 /* CoreGraphics.framework */; };
		22C41DC516D4B2F900B4D937 /* InfoPlist.strings in Resources */ = {isa = PBXBuildFile; fileRef = 22C41DC316D4B2F900B4D937 /* InfoPlist.strings */; };
		22C41DC716D4B2F900B4D937 /* main.m in Sources */ = {isa = PBXBuildFile; fileRef = 22C41DC616D4B2F900B4D937 /* main.m */; };
		22C41DCB16D4B2F900B4D937 /* AppDelegate.m in Sources */ = {isa = PBXBuildFile; fileRef = 22C41DCA16D4B2F900B4D937 /* AppDelegate.m */; };
		22C41DCD16D4B2F900B4D937 /* Default.png in Resources */ = {isa = PBXBuildFile; fileRef = 22C41DCC16D4B2F900B4D937 /* Default.png */; };
		22C41DCF16D4B2F900B4D937 /* Default@2x.png in Resources */ = {isa = PBXBuildFile; fileRef = 22C41DCE16D4B2F900B4D937 /* Default@2x.png */; };
		22C41DD116D4B2F900B4D937 /* Default-568h@2x.png in Resources */ = {isa = PBXBuildFile; fileRef = 22C41DD016D4B2F900B4D937 /* Default-568h@2x.png */; };
		22C41DD416D4B2F900B4D937 /* RootViewController.m in Sources */ = {isa = PBXBuildFile; fileRef = 22C41DD316D4B2F900B4D937 /* RootViewController.m */; };
		22C41DD716D4B2FA00B4D937 /* RootViewController.xib in Resources */ = {isa = PBXBuildFile; fileRef = 22C41DD516D4B2FA00B4D937 /* RootViewController.xib */; };
		4F2D33F816DDEA9900EAF948 /* Default-Landscape@2x~ipad.png in Resources */ = {isa = PBXBuildFile; fileRef = 4F2D33F716DDEA9900EAF948 /* Default-Landscape@2x~ipad.png */; };
		4F2D33FD16DDEB0100EAF948 /* menu@2x.png in Resources */ = {isa = PBXBuildFile; fileRef = 4F2D33FB16DDEB0100EAF948 /* menu@2x.png */; };
		4F2F61B4170A89140040C2E5 /* log_bg@2x.png in Resources */ = {isa = PBXBuildFile; fileRef = 4F2F6196170A89140040C2E5 /* log_bg@2x.png */; };
		4F2F61B5170A89140040C2E5 /* log_button_01_@2x.png in Resources */ = {isa = PBXBuildFile; fileRef = 4F2F6197170A89140040C2E5 /* log_button_01_@2x.png */; };
		4F2F61B6170A89140040C2E5 /* log_button_01over_@2x.png in Resources */ = {isa = PBXBuildFile; fileRef = 4F2F6198170A89140040C2E5 /* log_button_01over_@2x.png */; };
		4F2F61B7170A89140040C2E5 /* log_button_02_@2x.png in Resources */ = {isa = PBXBuildFile; fileRef = 4F2F6199170A89140040C2E5 /* log_button_02_@2x.png */; };
		4F2F61B8170A89140040C2E5 /* log_button_02over_@2x.png in Resources */ = {isa = PBXBuildFile; fileRef = 4F2F619A170A89140040C2E5 /* log_button_02over_@2x.png */; };
		4F2F61B9170A89140040C2E5 /* log_button_03_@2x.png in Resources */ = {isa = PBXBuildFile; fileRef = 4F2F619B170A89140040C2E5 /* log_button_03_@2x.png */; };
		4F2F61BA170A89140040C2E5 /* log_button_03over_@2x.png in Resources */ = {isa = PBXBuildFile; fileRef = 4F2F619C170A89140040C2E5 /* log_button_03over_@2x.png */; };
		4F2F61BB170A89140040C2E5 /* log_button_04_@2x.png in Resources */ = {isa = PBXBuildFile; fileRef = 4F2F619D170A89140040C2E5 /* log_button_04_@2x.png */; };
		4F2F61BC170A89140040C2E5 /* log_button_04over_@2x.png in Resources */ = {isa = PBXBuildFile; fileRef = 4F2F619E170A89140040C2E5 /* log_button_04over_@2x.png */; };
		4F2F61BD170A89140040C2E5 /* log_button_05_@2x.png in Resources */ = {isa = PBXBuildFile; fileRef = 4F2F619F170A89140040C2E5 /* log_button_05_@2x.png */; };
		4F2F61BE170A89140040C2E5 /* log_button_05over_@2x.png in Resources */ = {isa = PBXBuildFile; fileRef = 4F2F61A0170A89140040C2E5 /* log_button_05over_@2x.png */; };
		4F2F61BF170A89140040C2E5 /* log_button_06_@2x.png in Resources */ = {isa = PBXBuildFile; fileRef = 4F2F61A1170A89140040C2E5 /* log_button_06_@2x.png */; };
		4F2F61C0170A89140040C2E5 /* log_button_06over_@2x.png in Resources */ = {isa = PBXBuildFile; fileRef = 4F2F61A2170A89140040C2E5 /* log_button_06over_@2x.png */; };
		4F2F61C1170A89140040C2E5 /* log_button_07_@2x.png in Resources */ = {isa = PBXBuildFile; fileRef = 4F2F61A3170A89140040C2E5 /* log_button_07_@2x.png */; };
		4F2F61C2170A89140040C2E5 /* log_button_07over_@2x.png in Resources */ = {isa = PBXBuildFile; fileRef = 4F2F61A4170A89140040C2E5 /* log_button_07over_@2x.png */; };
		4F2F61C3170A89140040C2E5 /* log_button_08_@2x.png in Resources */ = {isa = PBXBuildFile; fileRef = 4F2F61A5170A89140040C2E5 /* log_button_08_@2x.png */; };
		4F2F61C4170A89140040C2E5 /* log_button_08over_@2x.png in Resources */ = {isa = PBXBuildFile; fileRef = 4F2F61A6170A89140040C2E5 /* log_button_08over_@2x.png */; };
		4F2F61C5170A89140040C2E5 /* log_button_09_@2x.png in Resources */ = {isa = PBXBuildFile; fileRef = 4F2F61A7170A89140040C2E5 /* log_button_09_@2x.png */; };
		4F2F61C6170A89140040C2E5 /* log_button_09over_@2x.png in Resources */ = {isa = PBXBuildFile; fileRef = 4F2F61A8170A89140040C2E5 /* log_button_09over_@2x.png */; };
		4F2F61C7170A89140040C2E5 /* log_button_over_@2x.png in Resources */ = {isa = PBXBuildFile; fileRef = 4F2F61A9170A89140040C2E5 /* log_button_over_@2x.png */; };
		4F2F61C8170A89140040C2E5 /* log_inputbox_01@2x.png in Resources */ = {isa = PBXBuildFile; fileRef = 4F2F61AA170A89140040C2E5 /* log_inputbox_01@2x.png */; };
		4F2F61C9170A89140040C2E5 /* log_inputbox_02@2x.png in Resources */ = {isa = PBXBuildFile; fileRef = 4F2F61AB170A89140040C2E5 /* log_inputbox_02@2x.png */; };
		4F2F61CA170A89140040C2E5 /* log_inputbox_02over@2x.png in Resources */ = {isa = PBXBuildFile; fileRef = 4F2F61AC170A89140040C2E5 /* log_inputbox_02over@2x.png */; };
		4F2F61CB170A89140040C2E5 /* log_popup01_@2x.png in Resources */ = {isa = PBXBuildFile; fileRef = 4F2F61AD170A89140040C2E5 /* log_popup01_@2x.png */; };
		4F2F61CC170A89140040C2E5 /* log_popup0_button1_1_@2x.png in Resources */ = {isa = PBXBuildFile; fileRef = 4F2F61AE170A89140040C2E5 /* log_popup0_button1_1_@2x.png */; };
		4F2F61CD170A89140040C2E5 /* log_popup0_button1_1over_@2x.png in Resources */ = {isa = PBXBuildFile; fileRef = 4F2F61AF170A89140040C2E5 /* log_popup0_button1_1over_@2x.png */; };
		4F2F61CE170A89140040C2E5 /* log_popup0_button1_@2x.png in Resources */ = {isa = PBXBuildFile; fileRef = 4F2F61B0170A89140040C2E5 /* log_popup0_button1_@2x.png */; };
		4F2F61CF170A89140040C2E5 /* log_popup0_button1over_@2x.png in Resources */ = {isa = PBXBuildFile; fileRef = 4F2F61B1170A89140040C2E5 /* log_popup0_button1over_@2x.png */; };
		4F2F61D0170A89140040C2E5 /* log_text01_@2x.png in Resources */ = {isa = PBXBuildFile; fileRef = 4F2F61B2170A89140040C2E5 /* log_text01_@2x.png */; };
		4F2F61D1170A89140040C2E5 /* title01@2x.png in Resources */ = {isa = PBXBuildFile; fileRef = 4F2F61B3170A89140040C2E5 /* title01@2x.png */; };
		4F2F6208170A8F4A0040C2E5 /* admin_button_@2x.png in Resources */ = {isa = PBXBuildFile; fileRef = 4F2F6202170A8F4A0040C2E5 /* admin_button_@2x.png */; };
		4F2F6209170A8F4A0040C2E5 /* admin_log_button_01_@2x.png in Resources */ = {isa = PBXBuildFile; fileRef = 4F2F6203170A8F4A0040C2E5 /* admin_log_button_01_@2x.png */; };
		4F2F620A170A8F4A0040C2E5 /* admin_log_button_01over_@2x.png in Resources */ = {isa = PBXBuildFile; fileRef = 4F2F6204170A8F4A0040C2E5 /* admin_log_button_01over_@2x.png */; };
		4F2F620B170A8F4A0040C2E5 /* admin_popup_@2x.png in Resources */ = {isa = PBXBuildFile; fileRef = 4F2F6205170A8F4A0040C2E5 /* admin_popup_@2x.png */; };
		4F2F620C170A8F4A0040C2E5 /* admin_popup_x_@2x.png in Resources */ = {isa = PBXBuildFile; fileRef = 4F2F6206170A8F4A0040C2E5 /* admin_popup_x_@2x.png */; };
		4F2F620D170A8F4A0040C2E5 /* admin_popup_x_over_@2x.png in Resources */ = {isa = PBXBuildFile; fileRef = 4F2F6207170A8F4A0040C2E5 /* admin_popup_x_over_@2x.png */; };
		4F2F623A170AECA20040C2E5 /* test_manager.png in Resources */ = {isa = PBXBuildFile; fileRef = 4F2F6239170AEC9D0040C2E5 /* test_manager.png */; };
		4F2F623F170AF2200040C2E5 /* pwd_search.plist in Resources */ = {isa = PBXBuildFile; fileRef = 4F2F623E170AF21F0040C2E5 /* pwd_search.plist */; };
		4F55B0E316E9C09A0035F578 /* icon.png in Resources */ = {isa = PBXBuildFile; fileRef = 4F55B0E216E9C09A0035F578 /* icon.png */; };
		4F55B0E516E9C0A10035F578 /* icon2.png in Resources */ = {isa = PBXBuildFile; fileRef = 4F55B0E416E9C0A10035F578 /* icon2.png */; };
		4F7ACC6E17027E52006A7E39 /* manager_menu@2x.png in Resources */ = {isa = PBXBuildFile; fileRef = 4F7ACC6D17027E52006A7E39 /* manager_menu@2x.png */; };
		4F8F88CF172A3595008FABC7 /* LoginViewController.m in Sources */ = {isa = PBXBuildFile; fileRef = 4F8F88B3172A3595008FABC7 /* LoginViewController.m */; };
		4F8F88D0172A3595008FABC7 /* LoginViewController.xib in Resources */ = {isa = PBXBuildFile; fileRef = 4F8F88B4172A3595008FABC7 /* LoginViewController.xib */; };
		4F8F88D1172A3595008FABC7 /* MenuViewController.m in Sources */ = {isa = PBXBuildFile; fileRef = 4F8F88B6172A3595008FABC7 /* MenuViewController.m */; };
		4F8F88D2172A3595008FABC7 /* MenuViewController.xib in Resources */ = {isa = PBXBuildFile; fileRef = 4F8F88B7172A3595008FABC7 /* MenuViewController.xib */; };
		4F8F88D3172A3595008FABC7 /* StartViewController.m in Sources */ = {isa = PBXBuildFile; fileRef = 4F8F88B9172A3595008FABC7 /* StartViewController.m */; };
		4F8F88D4172A3595008FABC7 /* StartViewController.xib in Resources */ = {isa = PBXBuildFile; fileRef = 4F8F88BA172A3595008FABC7 /* StartViewController.xib */; };
		4F8F88D5172A3595008FABC7 /* InfoViewController.m in Sources */ = {isa = PBXBuildFile; fileRef = 4F8F88BD172A3595008FABC7 /* InfoViewController.m */; };
		4F8F88D6172A3595008FABC7 /* InfoViewController.xib in Resources */ = {isa = PBXBuildFile; fileRef = 4F8F88BE172A3595008FABC7 /* InfoViewController.xib */; };
		4F8F88D7172A3595008FABC7 /* ManagerLoginViewController.m in Sources */ = {isa = PBXBuildFile; fileRef = 4F8F88C0172A3595008FABC7 /* ManagerLoginViewController.m */; };
		4F8F88D8172A3595008FABC7 /* ManagerLoginViewController.xib in Resources */ = {isa = PBXBuildFile; fileRef = 4F8F88C1172A3595008FABC7 /* ManagerLoginViewController.xib */; };
		4F8F88D9172A3595008FABC7 /* ManagerViewController.m in Sources */ = {isa = PBXBuildFile; fileRef = 4F8F88C3172A3595008FABC7 /* ManagerViewController.m */; };
		4F8F88DA172A3595008FABC7 /* ManagerViewController.xib in Resources */ = {isa = PBXBuildFile; fileRef = 4F8F88C4172A3595008FABC7 /* ManagerViewController.xib */; };
		4F8F88DB172A3595008FABC7 /* AddUserViewController.m in Sources */ = {isa = PBXBuildFile; fileRef = 4F8F88C8172A3595008FABC7 /* AddUserViewController.m */; };
		4F8F88DC172A3595008FABC7 /* AddUserViewController.xib in Resources */ = {isa = PBXBuildFile; fileRef = 4F8F88C9172A3595008FABC7 /* AddUserViewController.xib */; };
		4F8F88DD172A3595008FABC7 /* User.m in Sources */ = {isa = PBXBuildFile; fileRef = 4F8F88CB172A3595008FABC7 /* User.m */; };
		4F8F88DE172A3595008FABC7 /* UserCenterViewController.m in Sources */ = {isa = PBXBuildFile; fileRef = 4F8F88CD172A3595008FABC7 /* UserCenterViewController.m */; };
		4F8F88DF172A3595008FABC7 /* UserCenterViewController.xib in Resources */ = {isa = PBXBuildFile; fileRef = 4F8F88CE172A3595008FABC7 /* UserCenterViewController.xib */; };
/* End PBXBuildFile section */

/* Begin PBXFileReference section */
		22C41DB716D4B2F900B4D937 /* BrainHealth.app */ = {isa = PBXFileReference; explicitFileType = wrapper.application; includeInIndex = 0; path = BrainHealth.app; sourceTree = BUILT_PRODUCTS_DIR; };
		22C41DBA16D4B2F900B4D937 /* UIKit.framework */ = {isa = PBXFileReference; lastKnownFileType = wrapper.framework; name = UIKit.framework; path = System/Library/Frameworks/UIKit.framework; sourceTree = SDKROOT; };
		22C41DBC16D4B2F900B4D937 /* Foundation.framework */ = {isa = PBXFileReference; lastKnownFileType = wrapper.framework; name = Foundation.framework; path = System/Library/Frameworks/Foundation.framework; sourceTree = SDKROOT; };
		22C41DBE16D4B2F900B4D937 /* CoreGraphics.framework */ = {isa = PBXFileReference; lastKnownFileType = wrapper.framework; name = CoreGraphics.framework; path = System/Library/Frameworks/CoreGraphics.framework; sourceTree = SDKROOT; };
		22C41DC216D4B2F900B4D937 /* BrainHealth-Info.plist */ = {isa = PBXFileReference; lastKnownFileType = text.plist.xml; path = "BrainHealth-Info.plist"; sourceTree = "<group>"; };
		22C41DC416D4B2F900B4D937 /* en */ = {isa = PBXFileReference; lastKnownFileType = text.plist.strings; name = en; path = en.lproj/InfoPlist.strings; sourceTree = "<group>"; };
		22C41DC616D4B2F900B4D937 /* main.m */ = {isa = PBXFileReference; lastKnownFileType = sourcecode.c.objc; path = main.m; sourceTree = "<group>"; };
		22C41DC816D4B2F900B4D937 /* BrainHealth-Prefix.pch */ = {isa = PBXFileReference; lastKnownFileType = sourcecode.c.h; path = "BrainHealth-Prefix.pch"; sourceTree = "<group>"; };
		22C41DC916D4B2F900B4D937 /* AppDelegate.h */ = {isa = PBXFileReference; lastKnownFileType = sourcecode.c.h; path = AppDelegate.h; sourceTree = "<group>"; };
		22C41DCA16D4B2F900B4D937 /* AppDelegate.m */ = {isa = PBXFileReference; lastKnownFileType = sourcecode.c.objc; path = AppDelegate.m; sourceTree = "<group>"; };
		22C41DCC16D4B2F900B4D937 /* Default.png */ = {isa = PBXFileReference; lastKnownFileType = image.png; path = Default.png; sourceTree = "<group>"; };
		22C41DCE16D4B2F900B4D937 /* Default@2x.png */ = {isa = PBXFileReference; lastKnownFileType = image.png; path = "Default@2x.png"; sourceTree = "<group>"; };
		22C41DD016D4B2F900B4D937 /* Default-568h@2x.png */ = {isa = PBXFileReference; lastKnownFileType = image.png; path = "Default-568h@2x.png"; sourceTree = "<group>"; };
		22C41DD216D4B2F900B4D937 /* RootViewController.h */ = {isa = PBXFileReference; lastKnownFileType = sourcecode.c.h; path = RootViewController.h; sourceTree = "<group>"; };
		22C41DD316D4B2F900B4D937 /* RootViewController.m */ = {isa = PBXFileReference; lastKnownFileType = sourcecode.c.objc; path = RootViewController.m; sourceTree = "<group>"; };
		22C41DD616D4B2FA00B4D937 /* en */ = {isa = PBXFileReference; lastKnownFileType = file.xib; name = en; path = en.lproj/RootViewController.xib; sourceTree = "<group>"; };
		4F2D33F716DDEA9900EAF948 /* Default-Landscape@2x~ipad.png */ = {isa = PBXFileReference; lastKnownFileType = image.png; path = "Default-Landscape@2x~ipad.png"; sourceTree = "<group>"; };
		4F2D33FB16DDEB0100EAF948 /* menu@2x.png */ = {isa = PBXFileReference; lastKnownFileType = image.png; path = "menu@2x.png"; sourceTree = "<group>"; };
		4F2F6196170A89140040C2E5 /* log_bg@2x.png */ = {isa = PBXFileReference; lastKnownFileType = image.png; path = "log_bg@2x.png"; sourceTree = "<group>"; };
		4F2F6197170A89140040C2E5 /* log_button_01_@2x.png */ = {isa = PBXFileReference; lastKnownFileType = image.png; path = "log_button_01_@2x.png"; sourceTree = "<group>"; };
		4F2F6198170A89140040C2E5 /* log_button_01over_@2x.png */ = {isa = PBXFileReference; lastKnownFileType = image.png; path = "log_button_01over_@2x.png"; sourceTree = "<group>"; };
		4F2F6199170A89140040C2E5 /* log_button_02_@2x.png */ = {isa = PBXFileReference; lastKnownFileType = image.png; path = "log_button_02_@2x.png"; sourceTree = "<group>"; };
		4F2F619A170A89140040C2E5 /* log_button_02over_@2x.png */ = {isa = PBXFileReference; lastKnownFileType = image.png; path = "log_button_02over_@2x.png"; sourceTree = "<group>"; };
		4F2F619B170A89140040C2E5 /* log_button_03_@2x.png */ = {isa = PBXFileReference; lastKnownFileType = image.png; path = "log_button_03_@2x.png"; sourceTree = "<group>"; };
		4F2F619C170A89140040C2E5 /* log_button_03over_@2x.png */ = {isa = PBXFileReference; lastKnownFileType = image.png; path = "log_button_03over_@2x.png"; sourceTree = "<group>"; };
		4F2F619D170A89140040C2E5 /* log_button_04_@2x.png */ = {isa = PBXFileReference; lastKnownFileType = image.png; path = "log_button_04_@2x.png"; sourceTree = "<group>"; };
		4F2F619E170A89140040C2E5 /* log_button_04over_@2x.png */ = {isa = PBXFileReference; lastKnownFileType = image.png; path = "log_button_04over_@2x.png"; sourceTree = "<group>"; };
		4F2F619F170A89140040C2E5 /* log_button_05_@2x.png */ = {isa = PBXFileReference; lastKnownFileType = image.png; path = "log_button_05_@2x.png"; sourceTree = "<group>"; };
		4F2F61A0170A89140040C2E5 /* log_button_05over_@2x.png */ = {isa = PBXFileReference; lastKnownFileType = image.png; path = "log_button_05over_@2x.png"; sourceTree = "<group>"; };
		4F2F61A1170A89140040C2E5 /* log_button_06_@2x.png */ = {isa = PBXFileReference; lastKnownFileType = image.png; path = "log_button_06_@2x.png"; sourceTree = "<group>"; };
		4F2F61A2170A89140040C2E5 /* log_button_06over_@2x.png */ = {isa = PBXFileReference; lastKnownFileType = image.png; path = "log_button_06over_@2x.png"; sourceTree = "<group>"; };
		4F2F61A3170A89140040C2E5 /* log_button_07_@2x.png */ = {isa = PBXFileReference; lastKnownFileType = image.png; path = "log_button_07_@2x.png"; sourceTree = "<group>"; };
		4F2F61A4170A89140040C2E5 /* log_button_07over_@2x.png */ = {isa = PBXFileReference; lastKnownFileType = image.png; path = "log_button_07over_@2x.png"; sourceTree = "<group>"; };
		4F2F61A5170A89140040C2E5 /* log_button_08_@2x.png */ = {isa = PBXFileReference; lastKnownFileType = image.png; path = "log_button_08_@2x.png"; sourceTree = "<group>"; };
		4F2F61A6170A89140040C2E5 /* log_button_08over_@2x.png */ = {isa = PBXFileReference; lastKnownFileType = image.png; path = "log_button_08over_@2x.png"; sourceTree = "<group>"; };
		4F2F61A7170A89140040C2E5 /* log_button_09_@2x.png */ = {isa = PBXFileReference; lastKnownFileType = image.png; path = "log_button_09_@2x.png"; sourceTree = "<group>"; };
		4F2F61A8170A89140040C2E5 /* log_button_09over_@2x.png */ = {isa = PBXFileReference; lastKnownFileType = image.png; path = "log_button_09over_@2x.png"; sourceTree = "<group>"; };
		4F2F61A9170A89140040C2E5 /* log_button_over_@2x.png */ = {isa = PBXFileReference; lastKnownFileType = image.png; path = "log_button_over_@2x.png"; sourceTree = "<group>"; };
		4F2F61AA170A89140040C2E5 /* log_inputbox_01@2x.png */ = {isa = PBXFileReference; lastKnownFileType = image.png; path = "log_inputbox_01@2x.png"; sourceTree = "<group>"; };
		4F2F61AB170A89140040C2E5 /* log_inputbox_02@2x.png */ = {isa = PBXFileReference; lastKnownFileType = image.png; path = "log_inputbox_02@2x.png"; sourceTree = "<group>"; };
		4F2F61AC170A89140040C2E5 /* log_inputbox_02over@2x.png */ = {isa = PBXFileReference; lastKnownFileType = image.png; path = "log_inputbox_02over@2x.png"; sourceTree = "<group>"; };
		4F2F61AD170A89140040C2E5 /* log_popup01_@2x.png */ = {isa = PBXFileReference; lastKnownFileType = image.png; path = "log_popup01_@2x.png"; sourceTree = "<group>"; };
		4F2F61AE170A89140040C2E5 /* log_popup0_button1_1_@2x.png */ = {isa = PBXFileReference; lastKnownFileType = image.png; path = "log_popup0_button1_1_@2x.png"; sourceTree = "<group>"; };
		4F2F61AF170A89140040C2E5 /* log_popup0_button1_1over_@2x.png */ = {isa = PBXFileReference; lastKnownFileType = image.png; path = "log_popup0_button1_1over_@2x.png"; sourceTree = "<group>"; };
		4F2F61B0170A89140040C2E5 /* log_popup0_button1_@2x.png */ = {isa = PBXFileReference; lastKnownFileType = image.png; path = "log_popup0_button1_@2x.png"; sourceTree = "<group>"; };
		4F2F61B1170A89140040C2E5 /* log_popup0_button1over_@2x.png */ = {isa = PBXFileReference; lastKnownFileType = image.png; path = "log_popup0_button1over_@2x.png"; sourceTree = "<group>"; };
		4F2F61B2170A89140040C2E5 /* log_text01_@2x.png */ = {isa = PBXFileReference; lastKnownFileType = image.png; path = "log_text01_@2x.png"; sourceTree = "<group>"; };
		4F2F61B3170A89140040C2E5 /* title01@2x.png */ = {isa = PBXFileReference; lastKnownFileType = image.png; path = "title01@2x.png"; sourceTree = "<group>"; };
		4F2F6202170A8F4A0040C2E5 /* admin_button_@2x.png */ = {isa = PBXFileReference; lastKnownFileType = image.png; path = "admin_button_@2x.png"; sourceTree = "<group>"; };
		4F2F6203170A8F4A0040C2E5 /* admin_log_button_01_@2x.png */ = {isa = PBXFileReference; lastKnownFileType = image.png; path = "admin_log_button_01_@2x.png"; sourceTree = "<group>"; };
		4F2F6204170A8F4A0040C2E5 /* admin_log_button_01over_@2x.png */ = {isa = PBXFileReference; lastKnownFileType = image.png; path = "admin_log_button_01over_@2x.png"; sourceTree = "<group>"; };
		4F2F6205170A8F4A0040C2E5 /* admin_popup_@2x.png */ = {isa = PBXFileReference; lastKnownFileType = image.png; path = "admin_popup_@2x.png"; sourceTree = "<group>"; };
		4F2F6206170A8F4A0040C2E5 /* admin_popup_x_@2x.png */ = {isa = PBXFileReference; lastKnownFileType = image.png; path = "admin_popup_x_@2x.png"; sourceTree = "<group>"; };
		4F2F6207170A8F4A0040C2E5 /* admin_popup_x_over_@2x.png */ = {isa = PBXFileReference; lastKnownFileType = image.png; path = "admin_popup_x_over_@2x.png"; sourceTree = "<group>"; };
		4F2F6239170AEC9D0040C2E5 /* test_manager.png */ = {isa = PBXFileReference; lastKnownFileType = image.png; path = test_manager.png; sourceTree = "<group>"; };
		4F2F623E170AF21F0040C2E5 /* pwd_search.plist */ = {isa = PBXFileReference; fileEncoding = 4; lastKnownFileType = text.plist.xml; name = pwd_search.plist; path = Resources/pwd_search.plist; sourceTree = "<group>"; };
		4F55B0E216E9C09A0035F578 /* icon.png */ = {isa = PBXFileReference; lastKnownFileType = image.png; path = icon.png; sourceTree = "<group>"; };
		4F55B0E416E9C0A10035F578 /* icon2.png */ = {isa = PBXFileReference; lastKnownFileType = image.png; path = icon2.png; sourceTree = "<group>"; };
		4F7ACC6D17027E52006A7E39 /* manager_menu@2x.png */ = {isa = PBXFileReference; lastKnownFileType = image.png; path = "manager_menu@2x.png"; sourceTree = "<group>"; };
		4F8F88B2172A3595008FABC7 /* LoginViewController.h */ = {isa = PBXFileReference; fileEncoding = 4; lastKnownFileType = sourcecode.c.h; path = LoginViewController.h; sourceTree = "<group>"; };
		4F8F88B3172A3595008FABC7 /* LoginViewController.m */ = {isa = PBXFileReference; fileEncoding = 4; lastKnownFileType = sourcecode.c.objc; path = LoginViewController.m; sourceTree = "<group>"; };
		4F8F88B4172A3595008FABC7 /* LoginViewController.xib */ = {isa = PBXFileReference; fileEncoding = 4; lastKnownFileType = file.xib; path = LoginViewController.xib; sourceTree = "<group>"; };
		4F8F88B5172A3595008FABC7 /* MenuViewController.h */ = {isa = PBXFileReference; fileEncoding = 4; lastKnownFileType = sourcecode.c.h; path = MenuViewController.h; sourceTree = "<group>"; };
		4F8F88B6172A3595008FABC7 /* MenuViewController.m */ = {isa = PBXFileReference; fileEncoding = 4; lastKnownFileType = sourcecode.c.objc; path = MenuViewController.m; sourceTree = "<group>"; };
		4F8F88B7172A3595008FABC7 /* MenuViewController.xib */ = {isa = PBXFileReference; fileEncoding = 4; lastKnownFileType = file.xib; path = MenuViewController.xib; sourceTree = "<group>"; };
		4F8F88B8172A3595008FABC7 /* StartViewController.h */ = {isa = PBXFileReference; fileEncoding = 4; lastKnownFileType = sourcecode.c.h; path = StartViewController.h; sourceTree = "<group>"; };
		4F8F88B9172A3595008FABC7 /* StartViewController.m */ = {isa = PBXFileReference; fileEncoding = 4; lastKnownFileType = sourcecode.c.objc; path = StartViewController.m; sourceTree = "<group>"; };
		4F8F88BA172A3595008FABC7 /* StartViewController.xib */ = {isa = PBXFileReference; fileEncoding = 4; lastKnownFileType = file.xib; path = StartViewController.xib; sourceTree = "<group>"; };
		4F8F88BC172A3595008FABC7 /* InfoViewController.h */ = {isa = PBXFileReference; fileEncoding = 4; lastKnownFileType = sourcecode.c.h; path = InfoViewController.h; sourceTree = "<group>"; };
		4F8F88BD172A3595008FABC7 /* InfoViewController.m */ = {isa = PBXFileReference; fileEncoding = 4; lastKnownFileType = sourcecode.c.objc; path = InfoViewController.m; sourceTree = "<group>"; };
		4F8F88BE172A3595008FABC7 /* InfoViewController.xib */ = {isa = PBXFileReference; fileEncoding = 4; lastKnownFileType = file.xib; path = InfoViewController.xib; sourceTree = "<group>"; };
		4F8F88BF172A3595008FABC7 /* ManagerLoginViewController.h */ = {isa = PBXFileReference; fileEncoding = 4; lastKnownFileType = sourcecode.c.h; path = ManagerLoginViewController.h; sourceTree = "<group>"; };
		4F8F88C0172A3595008FABC7 /* ManagerLoginViewController.m */ = {isa = PBXFileReference; fileEncoding = 4; lastKnownFileType = sourcecode.c.objc; path = ManagerLoginViewController.m; sourceTree = "<group>"; };
		4F8F88C1172A3595008FABC7 /* ManagerLoginViewController.xib */ = {isa = PBXFileReference; fileEncoding = 4; lastKnownFileType = file.xib; path = ManagerLoginViewController.xib; sourceTree = "<group>"; };
		4F8F88C2172A3595008FABC7 /* ManagerViewController.h */ = {isa = PBXFileReference; fileEncoding = 4; lastKnownFileType = sourcecode.c.h; path = ManagerViewController.h; sourceTree = "<group>"; };
		4F8F88C3172A3595008FABC7 /* ManagerViewController.m */ = {isa = PBXFileReference; fileEncoding = 4; lastKnownFileType = sourcecode.c.objc; path = ManagerViewController.m; sourceTree = "<group>"; };
		4F8F88C4172A3595008FABC7 /* ManagerViewController.xib */ = {isa = PBXFileReference; fileEncoding = 4; lastKnownFileType = file.xib; path = ManagerViewController.xib; sourceTree = "<group>"; };
		4F8F88C7172A3595008FABC7 /* AddUserViewController.h */ = {isa = PBXFileReference; fileEncoding = 4; lastKnownFileType = sourcecode.c.h; path = AddUserViewController.h; sourceTree = "<group>"; };
		4F8F88C8172A3595008FABC7 /* AddUserViewController.m */ = {isa = PBXFileReference; fileEncoding = 4; lastKnownFileType = sourcecode.c.objc; path = AddUserViewController.m; sourceTree = "<group>"; };
		4F8F88C9172A3595008FABC7 /* AddUserViewController.xib */ = {isa = PBXFileReference; fileEncoding = 4; lastKnownFileType = file.xib; path = AddUserViewController.xib; sourceTree = "<group>"; };
		4F8F88CA172A3595008FABC7 /* User.h */ = {isa = PBXFileReference; fileEncoding = 4; lastKnownFileType = sourcecode.c.h; path = User.h; sourceTree = "<group>"; };
		4F8F88CB172A3595008FABC7 /* User.m */ = {isa = PBXFileReference; fileEncoding = 4; lastKnownFileType = sourcecode.c.objc; path = User.m; sourceTree = "<group>"; };
		4F8F88CC172A3595008FABC7 /* UserCenterViewController.h */ = {isa = PBXFileReference; fileEncoding = 4; lastKnownFileType = sourcecode.c.h; path = UserCenterViewController.h; sourceTree = "<group>"; };
		4F8F88CD172A3595008FABC7 /* UserCenterViewController.m */ = {isa = PBXFileReference; fileEncoding = 4; lastKnownFileType = sourcecode.c.objc; path = UserCenterViewController.m; sourceTree = "<group>"; };
		4F8F88CE172A3595008FABC7 /* UserCenterViewController.xib */ = {isa = PBXFileReference; fileEncoding = 4; lastKnownFileType = file.xib; path = UserCenterViewController.xib; sourceTree = "<group>"; };
/* End PBXFileReference section */

/* Begin PBXFrameworksBuildPhase section */
		22C41DB416D4B2F900B4D937 /* Frameworks */ = {
			isa = PBXFrameworksBuildPhase;
			buildActionMask = 2147483647;
			files = (
				22C41DBB16D4B2F900B4D937 /* UIKit.framework in Frameworks */,
				22C41DBD16D4B2F900B4D937 /* Foundation.framework in Frameworks */,
				22C41DBF16D4B2F900B4D937 /* CoreGraphics.framework in Frameworks */,
			);
			runOnlyForDeploymentPostprocessing = 0;
		};
/* End PBXFrameworksBuildPhase section */

/* Begin PBXGroup section */
		22C41DAE16D4B2F900B4D937 = {
			isa = PBXGroup;
			children = (
				4F55B0E416E9C0A10035F578 /* icon2.png */,
				4F55B0E216E9C09A0035F578 /* icon.png */,
				22C41DC016D4B2F900B4D937 /* BrainHealth */,
				22C41DB916D4B2F900B4D937 /* Frameworks */,
				22C41DB816D4B2F900B4D937 /* Products */,
			);
			sourceTree = "<group>";
		};
		22C41DB816D4B2F900B4D937 /* Products */ = {
			isa = PBXGroup;
			children = (
				22C41DB716D4B2F900B4D937 /* BrainHealth.app */,
			);
			name = Products;
			sourceTree = "<group>";
		};
		22C41DB916D4B2F900B4D937 /* Frameworks */ = {
			isa = PBXGroup;
			children = (
				22C41DBA16D4B2F900B4D937 /* UIKit.framework */,
				22C41DBC16D4B2F900B4D937 /* Foundation.framework */,
				22C41DBE16D4B2F900B4D937 /* CoreGraphics.framework */,
			);
			name = Frameworks;
			sourceTree = "<group>";
		};
		22C41DC016D4B2F900B4D937 /* BrainHealth */ = {
			isa = PBXGroup;
			children = (
				22C41DC916D4B2F900B4D937 /* AppDelegate.h */,
				22C41DCA16D4B2F900B4D937 /* AppDelegate.m */,
				22C41DD216D4B2F900B4D937 /* RootViewController.h */,
				22C41DD316D4B2F900B4D937 /* RootViewController.m */,
				22C41DD516D4B2FA00B4D937 /* RootViewController.xib */,
				4F8F88B1172A3595008FABC7 /* vc_base */,
				4F8F88BB172A3595008FABC7 /* vc_manager */,
				4F8F88C5172A3595008FABC7 /* vc_result */,
				4F8F88C6172A3595008FABC7 /* vc_usercenter */,
				22C41DC116D4B2F900B4D937 /* Supporting Files */,
				4F2D33F916DDEB0000EAF948 /* Resources */,
			);
			path = BrainHealth;
			sourceTree = "<group>";
		};
		22C41DC116D4B2F900B4D937 /* Supporting Files */ = {
			isa = PBXGroup;
			children = (
				22C41DC216D4B2F900B4D937 /* BrainHealth-Info.plist */,
				22C41DC316D4B2F900B4D937 /* InfoPlist.strings */,
				22C41DC616D4B2F900B4D937 /* main.m */,
				22C41DC816D4B2F900B4D937 /* BrainHealth-Prefix.pch */,
				22C41DCC16D4B2F900B4D937 /* Default.png */,
				22C41DCE16D4B2F900B4D937 /* Default@2x.png */,
				22C41DD016D4B2F900B4D937 /* Default-568h@2x.png */,
				4F2D33F716DDEA9900EAF948 /* Default-Landscape@2x~ipad.png */,
				4F2F623E170AF21F0040C2E5 /* pwd_search.plist */,
			);
			name = "Supporting Files";
			sourceTree = "<group>";
		};
		4F2D33F916DDEB0000EAF948 /* Resources */ = {
			isa = PBXGroup;
			children = (
				4F2F6239170AEC9D0040C2E5 /* test_manager.png */,
				4F2F6201170A8F490040C2E5 /* manager_menu */,
				4F2F6195170A89140040C2E5 /* login */,
				4F2D33FB16DDEB0100EAF948 /* menu@2x.png */,
				4F7ACC6D17027E52006A7E39 /* manager_menu@2x.png */,
			);
			path = Resources;
			sourceTree = "<group>";
		};
		4F2F6195170A89140040C2E5 /* login */ = {
			isa = PBXGroup;
			children = (
				4F2F6196170A89140040C2E5 /* log_bg@2x.png */,
				4F2F6197170A89140040C2E5 /* log_button_01_@2x.png */,
				4F2F6198170A89140040C2E5 /* log_button_01over_@2x.png */,
				4F2F6199170A89140040C2E5 /* log_button_02_@2x.png */,
				4F2F619A170A89140040C2E5 /* log_button_02over_@2x.png */,
				4F2F619B170A89140040C2E5 /* log_button_03_@2x.png */,
				4F2F619C170A89140040C2E5 /* log_button_03over_@2x.png */,
				4F2F619D170A89140040C2E5 /* log_button_04_@2x.png */,
				4F2F619E170A89140040C2E5 /* log_button_04over_@2x.png */,
				4F2F619F170A89140040C2E5 /* log_button_05_@2x.png */,
				4F2F61A0170A89140040C2E5 /* log_button_05over_@2x.png */,
				4F2F61A1170A89140040C2E5 /* log_button_06_@2x.png */,
				4F2F61A2170A89140040C2E5 /* log_button_06over_@2x.png */,
				4F2F61A3170A89140040C2E5 /* log_button_07_@2x.png */,
				4F2F61A4170A89140040C2E5 /* log_button_07over_@2x.png */,
				4F2F61A5170A89140040C2E5 /* log_button_08_@2x.png */,
				4F2F61A6170A89140040C2E5 /* log_button_08over_@2x.png */,
				4F2F61A7170A89140040C2E5 /* log_button_09_@2x.png */,
				4F2F61A8170A89140040C2E5 /* log_button_09over_@2x.png */,
				4F2F61A9170A89140040C2E5 /* log_button_over_@2x.png */,
				4F2F61AA170A89140040C2E5 /* log_inputbox_01@2x.png */,
				4F2F61AB170A89140040C2E5 /* log_inputbox_02@2x.png */,
				4F2F61AC170A89140040C2E5 /* log_inputbox_02over@2x.png */,
				4F2F61AD170A89140040C2E5 /* log_popup01_@2x.png */,
				4F2F61AE170A89140040C2E5 /* log_popup0_button1_1_@2x.png */,
				4F2F61AF170A89140040C2E5 /* log_popup0_button1_1over_@2x.png */,
				4F2F61B0170A89140040C2E5 /* log_popup0_button1_@2x.png */,
				4F2F61B1170A89140040C2E5 /* log_popup0_button1over_@2x.png */,
				4F2F61B2170A89140040C2E5 /* log_text01_@2x.png */,
				4F2F61B3170A89140040C2E5 /* title01@2x.png */,
			);
			path = login;
			sourceTree = "<group>";
		};
		4F2F6201170A8F490040C2E5 /* manager_menu */ = {
			isa = PBXGroup;
			children = (
				4F2F6202170A8F4A0040C2E5 /* admin_button_@2x.png */,
				4F2F6203170A8F4A0040C2E5 /* admin_log_button_01_@2x.png */,
				4F2F6204170A8F4A0040C2E5 /* admin_log_button_01over_@2x.png */,
				4F2F6205170A8F4A0040C2E5 /* admin_popup_@2x.png */,
				4F2F6206170A8F4A0040C2E5 /* admin_popup_x_@2x.png */,
				4F2F6207170A8F4A0040C2E5 /* admin_popup_x_over_@2x.png */,
			);
			path = manager_menu;
			sourceTree = "<group>";
		};
		4F8F88B1172A3595008FABC7 /* vc_base */ = {
			isa = PBXGroup;
			children = (
				4F8F88B2172A3595008FABC7 /* LoginViewController.h */,
				4F8F88B3172A3595008FABC7 /* LoginViewController.m */,
				4F8F88B4172A3595008FABC7 /* LoginViewController.xib */,
				4F8F88B5172A3595008FABC7 /* MenuViewController.h */,
				4F8F88B6172A3595008FABC7 /* MenuViewController.m */,
				4F8F88B7172A3595008FABC7 /* MenuViewController.xib */,
				4F8F88B8172A3595008FABC7 /* StartViewController.h */,
				4F8F88B9172A3595008FABC7 /* StartViewController.m */,
				4F8F88BA172A3595008FABC7 /* StartViewController.xib */,
			);
			path = vc_base;
			sourceTree = "<group>";
		};
		4F8F88BB172A3595008FABC7 /* vc_manager */ = {
			isa = PBXGroup;
			children = (
				4F8F88BC172A3595008FABC7 /* InfoViewController.h */,
				4F8F88BD172A3595008FABC7 /* InfoViewController.m */,
				4F8F88BE172A3595008FABC7 /* InfoViewController.xib */,
				4F8F88BF172A3595008FABC7 /* ManagerLoginViewController.h */,
				4F8F88C0172A3595008FABC7 /* ManagerLoginViewController.m */,
				4F8F88C1172A3595008FABC7 /* ManagerLoginViewController.xib */,
				4F8F88C2172A3595008FABC7 /* ManagerViewController.h */,
				4F8F88C3172A3595008FABC7 /* ManagerViewController.m */,
				4F8F88C4172A3595008FABC7 /* ManagerViewController.xib */,
			);
			path = vc_manager;
			sourceTree = "<group>";
		};
		4F8F88C5172A3595008FABC7 /* vc_result */ = {
			isa = PBXGroup;
			children = (
			);
			path = vc_result;
			sourceTree = "<group>";
		};
		4F8F88C6172A3595008FABC7 /* vc_usercenter */ = {
			isa = PBXGroup;
			children = (
				4F8F88C7172A3595008FABC7 /* AddUserViewController.h */,
				4F8F88C8172A3595008FABC7 /* AddUserViewController.m */,
				4F8F88C9172A3595008FABC7 /* AddUserViewController.xib */,
				4F8F88CA172A3595008FABC7 /* User.h */,
				4F8F88CB172A3595008FABC7 /* User.m */,
				4F8F88CC172A3595008FABC7 /* UserCenterViewController.h */,
				4F8F88CD172A3595008FABC7 /* UserCenterViewController.m */,
				4F8F88CE172A3595008FABC7 /* UserCenterViewController.xib */,
			);
			path = vc_usercenter;
			sourceTree = "<group>";
		};
/* End PBXGroup section */

/* Begin PBXNativeTarget section */
		22C41DB616D4B2F900B4D937 /* BrainHealth */ = {
			isa = PBXNativeTarget;
			buildConfigurationList = 22C41DDA16D4B2FA00B4D937 /* Build configuration list for PBXNativeTarget "BrainHealth" */;
			buildPhases = (
				22C41DB316D4B2F900B4D937 /* Sources */,
				22C41DB416D4B2F900B4D937 /* Frameworks */,
				22C41DB516D4B2F900B4D937 /* Resources */,
			);
			buildRules = (
			);
			dependencies = (
			);
			name = BrainHealth;
			productName = BrainHealth;
			productReference = 22C41DB716D4B2F900B4D937 /* BrainHealth.app */;
			productType = "com.apple.product-type.application";
		};
/* End PBXNativeTarget section */

/* Begin PBXProject section */
		22C41DAF16D4B2F900B4D937 /* Project object */ = {
			isa = PBXProject;
			attributes = {
				LastUpgradeCheck = 0460;
				ORGANIZATIONNAME = Tim;
			};
			buildConfigurationList = 22C41DB216D4B2F900B4D937 /* Build configuration list for PBXProject "BrainHealth" */;
			compatibilityVersion = "Xcode 3.2";
			developmentRegion = English;
			hasScannedForEncodings = 0;
			knownRegions = (
				en,
			);
			mainGroup = 22C41DAE16D4B2F900B4D937;
			productRefGroup = 22C41DB816D4B2F900B4D937 /* Products */;
			projectDirPath = "";
			projectRoot = "";
			targets = (
				22C41DB616D4B2F900B4D937 /* BrainHealth */,
			);
		};
/* End PBXProject section */

/* Begin PBXResourcesBuildPhase section */
		22C41DB516D4B2F900B4D937 /* Resources */ = {
			isa = PBXResourcesBuildPhase;
			buildActionMask = 2147483647;
			files = (
				22C41DC516D4B2F900B4D937 /* InfoPlist.strings in Resources */,
				22C41DCD16D4B2F900B4D937 /* Default.png in Resources */,
				22C41DCF16D4B2F900B4D937 /* Default@2x.png in Resources */,
				22C41DD116D4B2F900B4D937 /* Default-568h@2x.png in Resources */,
				22C41DD716D4B2FA00B4D937 /* RootViewController.xib in Resources */,
				4F2D33F816DDEA9900EAF948 /* Default-Landscape@2x~ipad.png in Resources */,
				4F2D33FD16DDEB0100EAF948 /* menu@2x.png in Resources */,
				4F55B0E316E9C09A0035F578 /* icon.png in Resources */,
				4F55B0E516E9C0A10035F578 /* icon2.png in Resources */,
				4F7ACC6E17027E52006A7E39 /* manager_menu@2x.png in Resources */,
				4F2F61B4170A89140040C2E5 /* log_bg@2x.png in Resources */,
				4F2F61B5170A89140040C2E5 /* log_button_01_@2x.png in Resources */,
				4F2F61B6170A89140040C2E5 /* log_button_01over_@2x.png in Resources */,
				4F2F61B7170A89140040C2E5 /* log_button_02_@2x.png in Resources */,
				4F2F61B8170A89140040C2E5 /* log_button_02over_@2x.png in Resources */,
				4F2F61B9170A89140040C2E5 /* log_button_03_@2x.png in Resources */,
				4F2F61BA170A89140040C2E5 /* log_button_03over_@2x.png in Resources */,
				4F2F61BB170A89140040C2E5 /* log_button_04_@2x.png in Resources */,
				4F2F61BC170A89140040C2E5 /* log_button_04over_@2x.png in Resources */,
				4F2F61BD170A89140040C2E5 /* log_button_05_@2x.png in Resources */,
				4F2F61BE170A89140040C2E5 /* log_button_05over_@2x.png in Resources */,
				4F2F61BF170A89140040C2E5 /* log_button_06_@2x.png in Resources */,
				4F2F61C0170A89140040C2E5 /* log_button_06over_@2x.png in Resources */,
				4F2F61C1170A89140040C2E5 /* log_button_07_@2x.png in Resources */,
				4F2F61C2170A89140040C2E5 /* log_button_07over_@2x.png in Resources */,
				4F2F61C3170A89140040C2E5 /* log_button_08_@2x.png in Resources */,
				4F2F61C4170A89140040C2E5 /* log_button_08over_@2x.png in Resources */,
				4F2F61C5170A89140040C2E5 /* log_button_09_@2x.png in Resources */,
				4F2F61C6170A89140040C2E5 /* log_button_09over_@2x.png in Resources */,
				4F2F61C7170A89140040C2E5 /* log_button_over_@2x.png in Resources */,
				4F2F61C8170A89140040C2E5 /* log_inputbox_01@2x.png in Resources */,
				4F2F61C9170A89140040C2E5 /* log_inputbox_02@2x.png in Resources */,
				4F2F61CA170A89140040C2E5 /* log_inputbox_02over@2x.png in Resources */,
				4F2F61CB170A89140040C2E5 /* log_popup01_@2x.png in Resources */,
				4F2F61CC170A89140040C2E5 /* log_popup0_button1_1_@2x.png in Resources */,
				4F2F61CD170A89140040C2E5 /* log_popup0_button1_1over_@2x.png in Resources */,
				4F2F61CE170A89140040C2E5 /* log_popup0_button1_@2x.png in Resources */,
				4F2F61CF170A89140040C2E5 /* log_popup0_button1over_@2x.png in Resources */,
				4F2F61D0170A89140040C2E5 /* log_text01_@2x.png in Resources */,
				4F2F61D1170A89140040C2E5 /* title01@2x.png in Resources */,
				4F2F6208170A8F4A0040C2E5 /* admin_button_@2x.png in Resources */,
				4F2F6209170A8F4A0040C2E5 /* admin_log_button_01_@2x.png in Resources */,
				4F2F620A170A8F4A0040C2E5 /* admin_log_button_01over_@2x.png in Resources */,
				4F2F620B170A8F4A0040C2E5 /* admin_popup_@2x.png in Resources */,
				4F2F620C170A8F4A0040C2E5 /* admin_popup_x_@2x.png in Resources */,
				4F2F620D170A8F4A0040C2E5 /* admin_popup_x_over_@2x.png in Resources */,
				4F2F623A170AECA20040C2E5 /* test_manager.png in Resources */,
				4F2F623F170AF2200040C2E5 /* pwd_search.plist in Resources */,
				4F8F88D0172A3595008FABC7 /* LoginViewController.xib in Resources */,
				4F8F88D2172A3595008FABC7 /* MenuViewController.xib in Resources */,
				4F8F88D4172A3595008FABC7 /* StartViewController.xib in Resources */,
				4F8F88D6172A3595008FABC7 /* InfoViewController.xib in Resources */,
				4F8F88D8172A3595008FABC7 /* ManagerLoginViewController.xib in Resources */,
				4F8F88DA172A3595008FABC7 /* ManagerViewController.xib in Resources */,
				4F8F88DC172A3595008FABC7 /* AddUserViewController.xib in Resources */,
				4F8F88DF172A3595008FABC7 /* UserCenterViewController.xib in Resources */,
			);
			runOnlyForDeploymentPostprocessing = 0;
		};
/* End PBXResourcesBuildPhase section */

/* Begin PBXSourcesBuildPhase section */
		22C41DB316D4B2F900B4D937 /* Sources */ = {
			isa = PBXSourcesBuildPhase;
			buildActionMask = 2147483647;
			files = (
				22C41DC716D4B2F900B4D937 /* main.m in Sources */,
				22C41DCB16D4B2F900B4D937 /* AppDelegate.m in Sources */,
				22C41DD416D4B2F900B4D937 /* RootViewController.m in Sources */,
				4F8F88CF172A3595008FABC7 /* LoginViewController.m in Sources */,
				4F8F88D1172A3595008FABC7 /* MenuViewController.m in Sources */,
				4F8F88D3172A3595008FABC7 /* StartViewController.m in Sources */,
				4F8F88D5172A3595008FABC7 /* InfoViewController.m in Sources */,
				4F8F88D7172A3595008FABC7 /* ManagerLoginViewController.m in Sources */,
				4F8F88D9172A3595008FABC7 /* ManagerViewController.m in Sources */,
				4F8F88DB172A3595008FABC7 /* AddUserViewController.m in Sources */,
				4F8F88DD172A3595008FABC7 /* User.m in Sources */,
				4F8F88DE172A3595008FABC7 /* UserCenterViewController.m in Sources */,
			);
			runOnlyForDeploymentPostprocessing = 0;
		};
/* End PBXSourcesBuildPhase section */

/* Begin PBXVariantGroup section */
		22C41DC316D4B2F900B4D937 /* InfoPlist.strings */ = {
			isa = PBXVariantGroup;
			children = (
				22C41DC416D4B2F900B4D937 /* en */,
			);
			name = InfoPlist.strings;
			sourceTree = "<group>";
		};
		22C41DD516D4B2FA00B4D937 /* RootViewController.xib */ = {
			isa = PBXVariantGroup;
			children = (
				22C41DD616D4B2FA00B4D937 /* en */,
			);
			name = RootViewController.xib;
			sourceTree = "<group>";
		};
/* End PBXVariantGroup section */

/* Begin XCBuildConfiguration section */
		22C41DD816D4B2FA00B4D937 /* Debug */ = {
			isa = XCBuildConfiguration;
			buildSettings = {
				ALWAYS_SEARCH_USER_PATHS = NO;
				CLANG_CXX_LANGUAGE_STANDARD = "gnu++0x";
				CLANG_CXX_LIBRARY = "libc++";
				CLANG_WARN_CONSTANT_CONVERSION = YES;
				CLANG_WARN_EMPTY_BODY = YES;
				CLANG_WARN_ENUM_CONVERSION = YES;
				CLANG_WARN_INT_CONVERSION = YES;
				CLANG_WARN__DUPLICATE_METHOD_MATCH = YES;
				"CODE_SIGN_IDENTITY[sdk=iphoneos*]" = "iPhone Developer";
				COPY_PHASE_STRIP = NO;
				GCC_C_LANGUAGE_STANDARD = gnu99;
				GCC_DYNAMIC_NO_PIC = NO;
				GCC_OPTIMIZATION_LEVEL = 0;
				GCC_PREPROCESSOR_DEFINITIONS = (
					"DEBUG=1",
					"$(inherited)",
				);
				GCC_SYMBOLS_PRIVATE_EXTERN = NO;
				GCC_WARN_ABOUT_RETURN_TYPE = YES;
				GCC_WARN_UNINITIALIZED_AUTOS = YES;
				GCC_WARN_UNUSED_VARIABLE = YES;
				IPHONEOS_DEPLOYMENT_TARGET = 5.1;
				ONLY_ACTIVE_ARCH = YES;
				SDKROOT = iphoneos;
				TARGETED_DEVICE_FAMILY = 2;
			};
			name = Debug;
		};
		22C41DD916D4B2FA00B4D937 /* Release */ = {
			isa = XCBuildConfiguration;
			buildSettings = {
				ALWAYS_SEARCH_USER_PATHS = NO;
				CLANG_CXX_LANGUAGE_STANDARD = "gnu++0x";
				CLANG_CXX_LIBRARY = "libc++";
				CLANG_WARN_CONSTANT_CONVERSION = YES;
				CLANG_WARN_EMPTY_BODY = YES;
				CLANG_WARN_ENUM_CONVERSION = YES;
				CLANG_WARN_INT_CONVERSION = YES;
				CLANG_WARN__DUPLICATE_METHOD_MATCH = YES;
				"CODE_SIGN_IDENTITY[sdk=iphoneos*]" = "iPhone Developer";
				COPY_PHASE_STRIP = YES;
				GCC_C_LANGUAGE_STANDARD = gnu99;
				GCC_WARN_ABOUT_RETURN_TYPE = YES;
				GCC_WARN_UNINITIALIZED_AUTOS = YES;
				GCC_WARN_UNUSED_VARIABLE = YES;
				IPHONEOS_DEPLOYMENT_TARGET = 5.1;
				OTHER_CFLAGS = "-DNS_BLOCK_ASSERTIONS=1";
				SDKROOT = iphoneos;
				TARGETED_DEVICE_FAMILY = 2;
				VALIDATE_PRODUCT = YES;
			};
			name = Release;
		};
		22C41DDB16D4B2FA00B4D937 /* Debug */ = {
			isa = XCBuildConfiguration;
			buildSettings = {
				GCC_PRECOMPILE_PREFIX_HEADER = YES;
				GCC_PREFIX_HEADER = "BrainHealth/BrainHealth-Prefix.pch";
				INFOPLIST_FILE = "BrainHealth/BrainHealth-Info.plist";
				IPHONEOS_DEPLOYMENT_TARGET = 5.1;
				PRODUCT_NAME = "$(TARGET_NAME)";
				WRAPPER_EXTENSION = app;
			};
			name = Debug;
		};
		22C41DDC16D4B2FA00B4D937 /* Release */ = {
			isa = XCBuildConfiguration;
			buildSettings = {
				GCC_PRECOMPILE_PREFIX_HEADER = YES;
				GCC_PREFIX_HEADER = "BrainHealth/BrainHealth-Prefix.pch";
				INFOPLIST_FILE = "BrainHealth/BrainHealth-Info.plist";
				IPHONEOS_DEPLOYMENT_TARGET = 5.1;
				PRODUCT_NAME = "$(TARGET_NAME)";
				WRAPPER_EXTENSION = app;
			};
			name = Release;
		};
/* End XCBuildConfiguration section */

/* Begin XCConfigurationList section */
		22C41DB216D4B2F900B4D937 /* Build configuration list for PBXProject "BrainHealth" */ = {
			isa = XCConfigurationList;
			buildConfigurations = (
				22C41DD816D4B2FA00B4D937 /* Debug */,
				22C41DD916D4B2FA00B4D937 /* Release */,
			);
			defaultConfigurationIsVisible = 0;
			defaultConfigurationName = Release;
		};
		22C41DDA16D4B2FA00B4D937 /* Build configuration list for PBXNativeTarget "BrainHealth" */ = {
			isa = XCConfigurationList;
			buildConfigurations = (
				22C41DDB16D4B2FA00B4D937 /* Debug */,
				22C41DDC16D4B2FA00B4D937 /* Release */,
			);
			defaultConfigurationIsVisible = 0;
			defaultConfigurationName = Release;
		};
/* End XCConfigurationList section */
	};
	rootObject = 22C41DAF16D4B2F900B4D937 /* Project object */;
}
