// !$*UTF8*$!
{
	archiveVersion = 1;
	classes = {
	};
	objectVersion = 46;
	objects = {

/* Begin PBXBuildFile section */
		22965A7C16F1E5D40098F64A /* InfoViewController.m in Sources */ = {isa = PBXBuildFile; fileRef = 22965A7A16F1E5D40098F64A /* InfoViewController.m */; };
		22965A7D16F1E5D40098F64A /* InfoViewController.xib in Resources */ = {isa = PBXBuildFile; fileRef = 22965A7B16F1E5D40098F64A /* InfoViewController.xib */; };
		22C41DBB16D4B2F900B4D937 /* UIKit.framework in Frameworks */ = {isa = PBXBuildFile; fileRef = 22C41DBA16D4B2F900B4D937 /* UIKit.framework */; };
		22C41DBD16D4B2F900B4D937 /* Foundation.framework in Frameworks */ = {isa = PBXBuildFile; fileRef = 22C41DBC16D4B2F900B4D937 /* Foundation.framework */; };
		22C41DBF16D4B2F900B4D937 /* CoreGraphics.framework in Frameworks */ = {isa = PBXBuildFile; fileRef = 22C41DBE16D4B2F900B4D937 /* CoreGraphics.framework */; };
		22C41DC516D4B2F900B4D937 /* InfoPlist.strings in Resources */ = {isa = PBXBuildFile; fileRef = 22C41DC316D4B2F900B4D937 /* InfoPlist.strings */; };
		22C41DC716D4B2F900B4D937 /* main.m in Sources */ = {isa = PBXBuildFile; fileRef = 22C41DC616D4B2F900B4D937 /* main.m */; };
		22C41DCB16D4B2F900B4D937 /* AppDelegate.m in Sources */ = {isa = PBXBuildFile; fileRef = 22C41DCA16D4B2F900B4D937 /* AppDelegate.m */; };
		22C41DCD16D4B2F900B4D937 /* Default.png in Resources */ = {isa = PBXBuildFile; fileRef = 22C41DCC16D4B2F900B4D937 /* Default.png */; };
		22C41DCF16D4B2F900B4D937 /* Default@2x.png in Resources */ = {isa = PBXBuildFile; fileRef = 22C41DCE16D4B2F900B4D937 /* Default@2x.png */; };
		22C41DD116D4B2F900B4D937 /* Default-568h@2x.png in Resources */ = {isa = PBXBuildFile; fileRef = 22C41DD016D4B2F900B4D937 /* Default-568h@2x.png */; };
		22C41DD416D4B2F900B4D937 /* RootViewController.m in Sources */ = {isa = PBXBuildFile; fileRef = 22C41DD316D4B2F900B4D937 /* RootViewController.m */; };
		22C41DD716D4B2FA00B4D937 /* RootViewController.xib in Resources */ = {isa = PBXBuildFile; fileRef = 22C41DD516D4B2FA00B4D937 /* RootViewController.xib */; };
		4F2D33F816DDEA9900EAF948 /* Default-Landscape@2x~ipad.png in Resources */ = {isa = PBXBuildFile; fileRef = 4F2D33F716DDEA9900EAF948 /* Default-Landscape@2x~ipad.png */; };
		4F2D33FC16DDEB0100EAF948 /* intro@2x.png in Resources */ = {isa = PBXBuildFile; fileRef = 4F2D33FA16DDEB0100EAF948 /* intro@2x.png */; };
		4F2D33FD16DDEB0100EAF948 /* menu@2x.png in Resources */ = {isa = PBXBuildFile; fileRef = 4F2D33FB16DDEB0100EAF948 /* menu@2x.png */; };
		4F2D340116DDEB8800EAF948 /* MenuViewController.m in Sources */ = {isa = PBXBuildFile; fileRef = 4F2D33FF16DDEB8800EAF948 /* MenuViewController.m */; };
		4F2D340216DDEB8800EAF948 /* MenuViewController.xib in Resources */ = {isa = PBXBuildFile; fileRef = 4F2D340016DDEB8800EAF948 /* MenuViewController.xib */; };
		4F55B0CC16E9B2B00035F578 /* admin@2x.png in Resources */ = {isa = PBXBuildFile; fileRef = 4F55B0B616E9B2B00035F578 /* admin@2x.png */; };
		4F55B0CD16E9B2B00035F578 /* icon_ad_log@2x.png in Resources */ = {isa = PBXBuildFile; fileRef = 4F55B0B716E9B2B00035F578 /* icon_ad_log@2x.png */; };
		4F55B0CE16E9B2B00035F578 /* icon_back@2x.png in Resources */ = {isa = PBXBuildFile; fileRef = 4F55B0B816E9B2B00035F578 /* icon_back@2x.png */; };
		4F55B0CF16E9B2B00035F578 /* icon_fus_log@2x.png in Resources */ = {isa = PBXBuildFile; fileRef = 4F55B0B916E9B2B00035F578 /* icon_fus_log@2x.png */; };
		4F55B0D016E9B2B00035F578 /* icon_info_id_no_h@2x.png in Resources */ = {isa = PBXBuildFile; fileRef = 4F55B0BA16E9B2B00035F578 /* icon_info_id_no_h@2x.png */; };
		4F55B0D116E9B2B00035F578 /* icon_menu_05@2x.png in Resources */ = {isa = PBXBuildFile; fileRef = 4F55B0BB16E9B2B00035F578 /* icon_menu_05@2x.png */; };
		4F55B0D216E9B2B00035F578 /* icon_nus_log@2x.png in Resources */ = {isa = PBXBuildFile; fileRef = 4F55B0BC16E9B2B00035F578 /* icon_nus_log@2x.png */; };
		4F55B0D316E9B2B00035F578 /* icon_us_log@2x.png in Resources */ = {isa = PBXBuildFile; fileRef = 4F55B0BD16E9B2B00035F578 /* icon_us_log@2x.png */; };
		4F55B0D416E9B2B00035F578 /* icon_user_log@2x.png in Resources */ = {isa = PBXBuildFile; fileRef = 4F55B0BE16E9B2B00035F578 /* icon_user_log@2x.png */; };
		4F55B0D516E9B2B00035F578 /* menu_01@2x.png in Resources */ = {isa = PBXBuildFile; fileRef = 4F55B0BF16E9B2B00035F578 /* menu_01@2x.png */; };
		4F55B0D616E9B2B00035F578 /* menu_01_BG_over@2x.png in Resources */ = {isa = PBXBuildFile; fileRef = 4F55B0C016E9B2B00035F578 /* menu_01_BG_over@2x.png */; };
		4F55B0D716E9B2B00035F578 /* menu_02@2x.png in Resources */ = {isa = PBXBuildFile; fileRef = 4F55B0C116E9B2B00035F578 /* menu_02@2x.png */; };
		4F55B0D816E9B2B00035F578 /* menu_02_BG_over@2x.png in Resources */ = {isa = PBXBuildFile; fileRef = 4F55B0C216E9B2B00035F578 /* menu_02_BG_over@2x.png */; };
		4F55B0D916E9B2B00035F578 /* menu_03@2x.png in Resources */ = {isa = PBXBuildFile; fileRef = 4F55B0C316E9B2B00035F578 /* menu_03@2x.png */; };
		4F55B0DA16E9B2B00035F578 /* menu_03_BG_over@2x.png in Resources */ = {isa = PBXBuildFile; fileRef = 4F55B0C416E9B2B00035F578 /* menu_03_BG_over@2x.png */; };
		4F55B0DB16E9B2B00035F578 /* menu_04@2x.png in Resources */ = {isa = PBXBuildFile; fileRef = 4F55B0C516E9B2B00035F578 /* menu_04@2x.png */; };
		4F55B0DC16E9B2B00035F578 /* menu_04_BG_over@2x.png in Resources */ = {isa = PBXBuildFile; fileRef = 4F55B0C616E9B2B00035F578 /* menu_04_BG_over@2x.png */; };
		4F55B0DD16E9B2B00035F578 /* popup_01@2x.png in Resources */ = {isa = PBXBuildFile; fileRef = 4F55B0C716E9B2B00035F578 /* popup_01@2x.png */; };
		4F55B0DE16E9B2B00035F578 /* title_01@2x.png in Resources */ = {isa = PBXBuildFile; fileRef = 4F55B0C816E9B2B00035F578 /* title_01@2x.png */; };
		4F55B0DF16E9B2B00035F578 /* title_02@2x.png in Resources */ = {isa = PBXBuildFile; fileRef = 4F55B0C916E9B2B00035F578 /* title_02@2x.png */; };
		4F55B0E016E9B2B00035F578 /* title_03@2x.png in Resources */ = {isa = PBXBuildFile; fileRef = 4F55B0CA16E9B2B00035F578 /* title_03@2x.png */; };
		4F55B0E116E9B2B00035F578 /* title_bg@2x.png in Resources */ = {isa = PBXBuildFile; fileRef = 4F55B0CB16E9B2B00035F578 /* title_bg@2x.png */; };
		4F55B0E316E9C09A0035F578 /* icon.png in Resources */ = {isa = PBXBuildFile; fileRef = 4F55B0E216E9C09A0035F578 /* icon.png */; };
		4F55B0E516E9C0A10035F578 /* icon2.png in Resources */ = {isa = PBXBuildFile; fileRef = 4F55B0E416E9C0A10035F578 /* icon2.png */; };
		4F55B0FA16E9D6B30035F578 /* LoginViewController.m in Sources */ = {isa = PBXBuildFile; fileRef = 4F55B0F816E9D6B30035F578 /* LoginViewController.m */; };
		4F55B0FB16E9D6B30035F578 /* LoginViewController.xib in Resources */ = {isa = PBXBuildFile; fileRef = 4F55B0F916E9D6B30035F578 /* LoginViewController.xib */; };
		4F55B0FE16E9D7780035F578 /* 로그인_003.png in Resources */ = {isa = PBXBuildFile; fileRef = 4F55B0FD16E9D7780035F578 /* 로그인_003.png */; };
		4F6AFF3F16F1CE8900AAD56E /* ManagerViewController.m in Sources */ = {isa = PBXBuildFile; fileRef = 4F6AFF3D16F1CE8900AAD56E /* ManagerViewController.m */; };
		4F6AFF4016F1CE8900AAD56E /* ManagerViewController.xib in Resources */ = {isa = PBXBuildFile; fileRef = 4F6AFF3E16F1CE8900AAD56E /* ManagerViewController.xib */; };
		4F7ACC6E17027E52006A7E39 /* manager_menu@2x.png in Resources */ = {isa = PBXBuildFile; fileRef = 4F7ACC6D17027E52006A7E39 /* manager_menu@2x.png */; };
/* End PBXBuildFile section */

/* Begin PBXFileReference section */
		22965A7916F1E5D30098F64A /* InfoViewController.h */ = {isa = PBXFileReference; fileEncoding = 4; lastKnownFileType = sourcecode.c.h; path = InfoViewController.h; sourceTree = "<group>"; };
		22965A7A16F1E5D40098F64A /* InfoViewController.m */ = {isa = PBXFileReference; fileEncoding = 4; lastKnownFileType = sourcecode.c.objc; path = InfoViewController.m; sourceTree = "<group>"; };
		22965A7B16F1E5D40098F64A /* InfoViewController.xib */ = {isa = PBXFileReference; fileEncoding = 4; lastKnownFileType = file.xib; path = InfoViewController.xib; sourceTree = "<group>"; };
		22C41DB716D4B2F900B4D937 /* BrainHealth.app */ = {isa = PBXFileReference; explicitFileType = wrapper.application; includeInIndex = 0; path = BrainHealth.app; sourceTree = BUILT_PRODUCTS_DIR; };
		22C41DBA16D4B2F900B4D937 /* UIKit.framework */ = {isa = PBXFileReference; lastKnownFileType = wrapper.framework; name = UIKit.framework; path = System/Library/Frameworks/UIKit.framework; sourceTree = SDKROOT; };
		22C41DBC16D4B2F900B4D937 /* Foundation.framework */ = {isa = PBXFileReference; lastKnownFileType = wrapper.framework; name = Foundation.framework; path = System/Library/Frameworks/Foundation.framework; sourceTree = SDKROOT; };
		22C41DBE16D4B2F900B4D937 /* CoreGraphics.framework */ = {isa = PBXFileReference; lastKnownFileType = wrapper.framework; name = CoreGraphics.framework; path = System/Library/Frameworks/CoreGraphics.framework; sourceTree = SDKROOT; };
		22C41DC216D4B2F900B4D937 /* BrainHealth-Info.plist */ = {isa = PBXFileReference; lastKnownFileType = text.plist.xml; path = "BrainHealth-Info.plist"; sourceTree = "<group>"; };
		22C41DC416D4B2F900B4D937 /* en */ = {isa = PBXFileReference; lastKnownFileType = text.plist.strings; name = en; path = en.lproj/InfoPlist.strings; sourceTree = "<group>"; };
		22C41DC616D4B2F900B4D937 /* main.m */ = {isa = PBXFileReference; lastKnownFileType = sourcecode.c.objc; path = main.m; sourceTree = "<group>"; };
		22C41DC816D4B2F900B4D937 /* BrainHealth-Prefix.pch */ = {isa = PBXFileReference; lastKnownFileType = sourcecode.c.h; path = "BrainHealth-Prefix.pch"; sourceTree = "<group>"; };
		22C41DC916D4B2F900B4D937 /* AppDelegate.h */ = {isa = PBXFileReference; lastKnownFileType = sourcecode.c.h; path = AppDelegate.h; sourceTree = "<group>"; };
		22C41DCA16D4B2F900B4D937 /* AppDelegate.m */ = {isa = PBXFileReference; lastKnownFileType = sourcecode.c.objc; path = AppDelegate.m; sourceTree = "<group>"; };
		22C41DCC16D4B2F900B4D937 /* Default.png */ = {isa = PBXFileReference; lastKnownFileType = image.png; path = Default.png; sourceTree = "<group>"; };
		22C41DCE16D4B2F900B4D937 /* Default@2x.png */ = {isa = PBXFileReference; lastKnownFileType = image.png; path = "Default@2x.png"; sourceTree = "<group>"; };
		22C41DD016D4B2F900B4D937 /* Default-568h@2x.png */ = {isa = PBXFileReference; lastKnownFileType = image.png; path = "Default-568h@2x.png"; sourceTree = "<group>"; };
		22C41DD216D4B2F900B4D937 /* RootViewController.h */ = {isa = PBXFileReference; lastKnownFileType = sourcecode.c.h; path = RootViewController.h; sourceTree = "<group>"; };
		22C41DD316D4B2F900B4D937 /* RootViewController.m */ = {isa = PBXFileReference; lastKnownFileType = sourcecode.c.objc; path = RootViewController.m; sourceTree = "<group>"; };
		22C41DD616D4B2FA00B4D937 /* en */ = {isa = PBXFileReference; lastKnownFileType = file.xib; name = en; path = en.lproj/RootViewController.xib; sourceTree = "<group>"; };
		4F2D33F716DDEA9900EAF948 /* Default-Landscape@2x~ipad.png */ = {isa = PBXFileReference; lastKnownFileType = image.png; path = "Default-Landscape@2x~ipad.png"; sourceTree = "<group>"; };
		4F2D33FA16DDEB0100EAF948 /* intro@2x.png */ = {isa = PBXFileReference; lastKnownFileType = image.png; path = "intro@2x.png"; sourceTree = "<group>"; };
		4F2D33FB16DDEB0100EAF948 /* menu@2x.png */ = {isa = PBXFileReference; lastKnownFileType = image.png; path = "menu@2x.png"; sourceTree = "<group>"; };
		4F2D33FE16DDEB8800EAF948 /* MenuViewController.h */ = {isa = PBXFileReference; fileEncoding = 4; lastKnownFileType = sourcecode.c.h; path = MenuViewController.h; sourceTree = "<group>"; };
		4F2D33FF16DDEB8800EAF948 /* MenuViewController.m */ = {isa = PBXFileReference; fileEncoding = 4; lastKnownFileType = sourcecode.c.objc; path = MenuViewController.m; sourceTree = "<group>"; };
		4F2D340016DDEB8800EAF948 /* MenuViewController.xib */ = {isa = PBXFileReference; fileEncoding = 4; lastKnownFileType = file.xib; path = MenuViewController.xib; sourceTree = "<group>"; };
		4F55B0B616E9B2B00035F578 /* admin@2x.png */ = {isa = PBXFileReference; lastKnownFileType = image.png; path = "admin@2x.png"; sourceTree = "<group>"; };
		4F55B0B716E9B2B00035F578 /* icon_ad_log@2x.png */ = {isa = PBXFileReference; lastKnownFileType = image.png; path = "icon_ad_log@2x.png"; sourceTree = "<group>"; };
		4F55B0B816E9B2B00035F578 /* icon_back@2x.png */ = {isa = PBXFileReference; lastKnownFileType = image.png; path = "icon_back@2x.png"; sourceTree = "<group>"; };
		4F55B0B916E9B2B00035F578 /* icon_fus_log@2x.png */ = {isa = PBXFileReference; lastKnownFileType = image.png; path = "icon_fus_log@2x.png"; sourceTree = "<group>"; };
		4F55B0BA16E9B2B00035F578 /* icon_info_id_no_h@2x.png */ = {isa = PBXFileReference; lastKnownFileType = image.png; path = "icon_info_id_no_h@2x.png"; sourceTree = "<group>"; };
		4F55B0BB16E9B2B00035F578 /* icon_menu_05@2x.png */ = {isa = PBXFileReference; lastKnownFileType = image.png; path = "icon_menu_05@2x.png"; sourceTree = "<group>"; };
		4F55B0BC16E9B2B00035F578 /* icon_nus_log@2x.png */ = {isa = PBXFileReference; lastKnownFileType = image.png; path = "icon_nus_log@2x.png"; sourceTree = "<group>"; };
		4F55B0BD16E9B2B00035F578 /* icon_us_log@2x.png */ = {isa = PBXFileReference; lastKnownFileType = image.png; path = "icon_us_log@2x.png"; sourceTree = "<group>"; };
		4F55B0BE16E9B2B00035F578 /* icon_user_log@2x.png */ = {isa = PBXFileReference; lastKnownFileType = image.png; path = "icon_user_log@2x.png"; sourceTree = "<group>"; };
		4F55B0BF16E9B2B00035F578 /* menu_01@2x.png */ = {isa = PBXFileReference; lastKnownFileType = image.png; path = "menu_01@2x.png"; sourceTree = "<group>"; };
		4F55B0C016E9B2B00035F578 /* menu_01_BG_over@2x.png */ = {isa = PBXFileReference; lastKnownFileType = image.png; path = "menu_01_BG_over@2x.png"; sourceTree = "<group>"; };
		4F55B0C116E9B2B00035F578 /* menu_02@2x.png */ = {isa = PBXFileReference; lastKnownFileType = image.png; path = "menu_02@2x.png"; sourceTree = "<group>"; };
		4F55B0C216E9B2B00035F578 /* menu_02_BG_over@2x.png */ = {isa = PBXFileReference; lastKnownFileType = image.png; path = "menu_02_BG_over@2x.png"; sourceTree = "<group>"; };
		4F55B0C316E9B2B00035F578 /* menu_03@2x.png */ = {isa = PBXFileReference; lastKnownFileType = image.png; path = "menu_03@2x.png"; sourceTree = "<group>"; };
		4F55B0C416E9B2B00035F578 /* menu_03_BG_over@2x.png */ = {isa = PBXFileReference; lastKnownFileType = image.png; path = "menu_03_BG_over@2x.png"; sourceTree = "<group>"; };
		4F55B0C516E9B2B00035F578 /* menu_04@2x.png */ = {isa = PBXFileReference; lastKnownFileType = image.png; path = "menu_04@2x.png"; sourceTree = "<group>"; };
		4F55B0C616E9B2B00035F578 /* menu_04_BG_over@2x.png */ = {isa = PBXFileReference; lastKnownFileType = image.png; path = "menu_04_BG_over@2x.png"; sourceTree = "<group>"; };
		4F55B0C716E9B2B00035F578 /* popup_01@2x.png */ = {isa = PBXFileReference; lastKnownFileType = image.png; path = "popup_01@2x.png"; sourceTree = "<group>"; };
		4F55B0C816E9B2B00035F578 /* title_01@2x.png */ = {isa = PBXFileReference; lastKnownFileType = image.png; path = "title_01@2x.png"; sourceTree = "<group>"; };
		4F55B0C916E9B2B00035F578 /* title_02@2x.png */ = {isa = PBXFileReference; lastKnownFileType = image.png; path = "title_02@2x.png"; sourceTree = "<group>"; };
		4F55B0CA16E9B2B00035F578 /* title_03@2x.png */ = {isa = PBXFileReference; lastKnownFileType = image.png; path = "title_03@2x.png"; sourceTree = "<group>"; };
		4F55B0CB16E9B2B00035F578 /* title_bg@2x.png */ = {isa = PBXFileReference; lastKnownFileType = image.png; path = "title_bg@2x.png"; sourceTree = "<group>"; };
		4F55B0E216E9C09A0035F578 /* icon.png */ = {isa = PBXFileReference; lastKnownFileType = image.png; path = icon.png; sourceTree = "<group>"; };
		4F55B0E416E9C0A10035F578 /* icon2.png */ = {isa = PBXFileReference; lastKnownFileType = image.png; path = icon2.png; sourceTree = "<group>"; };
		4F55B0F716E9D6B30035F578 /* LoginViewController.h */ = {isa = PBXFileReference; fileEncoding = 4; lastKnownFileType = sourcecode.c.h; path = LoginViewController.h; sourceTree = "<group>"; };
		4F55B0F816E9D6B30035F578 /* LoginViewController.m */ = {isa = PBXFileReference; fileEncoding = 4; lastKnownFileType = sourcecode.c.objc; path = LoginViewController.m; sourceTree = "<group>"; };
		4F55B0F916E9D6B30035F578 /* LoginViewController.xib */ = {isa = PBXFileReference; fileEncoding = 4; lastKnownFileType = file.xib; path = LoginViewController.xib; sourceTree = "<group>"; };
		4F55B0FD16E9D7780035F578 /* 로그인_003.png */ = {isa = PBXFileReference; lastKnownFileType = image.png; name = "로그인_003.png"; path = "../../../../../브레인헬스/스크린샷_참고/로그인_003.png"; sourceTree = "<group>"; };
		4F6AFF3C16F1CE8900AAD56E /* ManagerViewController.h */ = {isa = PBXFileReference; fileEncoding = 4; lastKnownFileType = sourcecode.c.h; path = ManagerViewController.h; sourceTree = "<group>"; };
		4F6AFF3D16F1CE8900AAD56E /* ManagerViewController.m */ = {isa = PBXFileReference; fileEncoding = 4; lastKnownFileType = sourcecode.c.objc; path = ManagerViewController.m; sourceTree = "<group>"; };
		4F6AFF3E16F1CE8900AAD56E /* ManagerViewController.xib */ = {isa = PBXFileReference; fileEncoding = 4; lastKnownFileType = file.xib; path = ManagerViewController.xib; sourceTree = "<group>"; };
		4F7ACC6D17027E52006A7E39 /* manager_menu@2x.png */ = {isa = PBXFileReference; lastKnownFileType = image.png; path = "manager_menu@2x.png"; sourceTree = "<group>"; };
/* End PBXFileReference section */

/* Begin PBXFrameworksBuildPhase section */
		22C41DB416D4B2F900B4D937 /* Frameworks */ = {
			isa = PBXFrameworksBuildPhase;
			buildActionMask = 2147483647;
			files = (
				22C41DBB16D4B2F900B4D937 /* UIKit.framework in Frameworks */,
				22C41DBD16D4B2F900B4D937 /* Foundation.framework in Frameworks */,
				22C41DBF16D4B2F900B4D937 /* CoreGraphics.framework in Frameworks */,
			);
			runOnlyForDeploymentPostprocessing = 0;
		};
/* End PBXFrameworksBuildPhase section */

/* Begin PBXGroup section */
		22C41DAE16D4B2F900B4D937 = {
			isa = PBXGroup;
			children = (
				4F55B0E416E9C0A10035F578 /* icon2.png */,
				4F55B0E216E9C09A0035F578 /* icon.png */,
				22C41DC016D4B2F900B4D937 /* BrainHealth */,
				22C41DB916D4B2F900B4D937 /* Frameworks */,
				22C41DB816D4B2F900B4D937 /* Products */,
			);
			sourceTree = "<group>";
		};
		22C41DB816D4B2F900B4D937 /* Products */ = {
			isa = PBXGroup;
			children = (
				22C41DB716D4B2F900B4D937 /* BrainHealth.app */,
			);
			name = Products;
			sourceTree = "<group>";
		};
		22C41DB916D4B2F900B4D937 /* Frameworks */ = {
			isa = PBXGroup;
			children = (
				22C41DBA16D4B2F900B4D937 /* UIKit.framework */,
				22C41DBC16D4B2F900B4D937 /* Foundation.framework */,
				22C41DBE16D4B2F900B4D937 /* CoreGraphics.framework */,
			);
			name = Frameworks;
			sourceTree = "<group>";
		};
		22C41DC016D4B2F900B4D937 /* BrainHealth */ = {
			isa = PBXGroup;
			children = (
				22C41DC916D4B2F900B4D937 /* AppDelegate.h */,
				22C41DCA16D4B2F900B4D937 /* AppDelegate.m */,
				22C41DD216D4B2F900B4D937 /* RootViewController.h */,
				22C41DD316D4B2F900B4D937 /* RootViewController.m */,
				22C41DD516D4B2FA00B4D937 /* RootViewController.xib */,
				4F55B0F716E9D6B30035F578 /* LoginViewController.h */,
				4F55B0F816E9D6B30035F578 /* LoginViewController.m */,
				4F55B0F916E9D6B30035F578 /* LoginViewController.xib */,
				4F2D33FE16DDEB8800EAF948 /* MenuViewController.h */,
				4F2D33FF16DDEB8800EAF948 /* MenuViewController.m */,
				4F2D340016DDEB8800EAF948 /* MenuViewController.xib */,
				4F6AFF3C16F1CE8900AAD56E /* ManagerViewController.h */,
				4F6AFF3D16F1CE8900AAD56E /* ManagerViewController.m */,
				4F6AFF3E16F1CE8900AAD56E /* ManagerViewController.xib */,
				22965A7916F1E5D30098F64A /* InfoViewController.h */,
				22965A7A16F1E5D40098F64A /* InfoViewController.m */,
				22965A7B16F1E5D40098F64A /* InfoViewController.xib */,
				22C41DC116D4B2F900B4D937 /* Supporting Files */,
				4F2D33F916DDEB0000EAF948 /* Resources */,
			);
			path = BrainHealth;
			sourceTree = "<group>";
		};
		22C41DC116D4B2F900B4D937 /* Supporting Files */ = {
			isa = PBXGroup;
			children = (
				22C41DC216D4B2F900B4D937 /* BrainHealth-Info.plist */,
				22C41DC316D4B2F900B4D937 /* InfoPlist.strings */,
				22C41DC616D4B2F900B4D937 /* main.m */,
				22C41DC816D4B2F900B4D937 /* BrainHealth-Prefix.pch */,
				22C41DCC16D4B2F900B4D937 /* Default.png */,
				22C41DCE16D4B2F900B4D937 /* Default@2x.png */,
				22C41DD016D4B2F900B4D937 /* Default-568h@2x.png */,
				4F2D33F716DDEA9900EAF948 /* Default-Landscape@2x~ipad.png */,
			);
			name = "Supporting Files";
			sourceTree = "<group>";
		};
		4F2D33F916DDEB0000EAF948 /* Resources */ = {
			isa = PBXGroup;
			children = (
				4F55B0FD16E9D7780035F578 /* 로그인_003.png */,
				4F55B0B516E9B2B00035F578 /* img0 */,
				4F2D33FA16DDEB0100EAF948 /* intro@2x.png */,
				4F2D33FB16DDEB0100EAF948 /* menu@2x.png */,
				4F7ACC6D17027E52006A7E39 /* manager_menu@2x.png */,
			);
			path = Resources;
			sourceTree = "<group>";
		};
		4F55B0B516E9B2B00035F578 /* img0 */ = {
			isa = PBXGroup;
			children = (
				4F55B0B616E9B2B00035F578 /* admin@2x.png */,
				4F55B0B716E9B2B00035F578 /* icon_ad_log@2x.png */,
				4F55B0B816E9B2B00035F578 /* icon_back@2x.png */,
				4F55B0B916E9B2B00035F578 /* icon_fus_log@2x.png */,
				4F55B0BA16E9B2B00035F578 /* icon_info_id_no_h@2x.png */,
				4F55B0BB16E9B2B00035F578 /* icon_menu_05@2x.png */,
				4F55B0BC16E9B2B00035F578 /* icon_nus_log@2x.png */,
				4F55B0BD16E9B2B00035F578 /* icon_us_log@2x.png */,
				4F55B0BE16E9B2B00035F578 /* icon_user_log@2x.png */,
				4F55B0BF16E9B2B00035F578 /* menu_01@2x.png */,
				4F55B0C016E9B2B00035F578 /* menu_01_BG_over@2x.png */,
				4F55B0C116E9B2B00035F578 /* menu_02@2x.png */,
				4F55B0C216E9B2B00035F578 /* menu_02_BG_over@2x.png */,
				4F55B0C316E9B2B00035F578 /* menu_03@2x.png */,
				4F55B0C416E9B2B00035F578 /* menu_03_BG_over@2x.png */,
				4F55B0C516E9B2B00035F578 /* menu_04@2x.png */,
				4F55B0C616E9B2B00035F578 /* menu_04_BG_over@2x.png */,
				4F55B0C716E9B2B00035F578 /* popup_01@2x.png */,
				4F55B0C816E9B2B00035F578 /* title_01@2x.png */,
				4F55B0C916E9B2B00035F578 /* title_02@2x.png */,
				4F55B0CA16E9B2B00035F578 /* title_03@2x.png */,
				4F55B0CB16E9B2B00035F578 /* title_bg@2x.png */,
			);
			path = img0;
			sourceTree = "<group>";
		};
/* End PBXGroup section */

/* Begin PBXNativeTarget section */
		22C41DB616D4B2F900B4D937 /* BrainHealth */ = {
			isa = PBXNativeTarget;
			buildConfigurationList = 22C41DDA16D4B2FA00B4D937 /* Build configuration list for PBXNativeTarget "BrainHealth" */;
			buildPhases = (
				22C41DB316D4B2F900B4D937 /* Sources */,
				22C41DB416D4B2F900B4D937 /* Frameworks */,
				22C41DB516D4B2F900B4D937 /* Resources */,
			);
			buildRules = (
			);
			dependencies = (
			);
			name = BrainHealth;
			productName = BrainHealth;
			productReference = 22C41DB716D4B2F900B4D937 /* BrainHealth.app */;
			productType = "com.apple.product-type.application";
		};
/* End PBXNativeTarget section */

/* Begin PBXProject section */
		22C41DAF16D4B2F900B4D937 /* Project object */ = {
			isa = PBXProject;
			attributes = {
				LastUpgradeCheck = 0460;
				ORGANIZATIONNAME = Tim;
			};
			buildConfigurationList = 22C41DB216D4B2F900B4D937 /* Build configuration list for PBXProject "BrainHealth" */;
			compatibilityVersion = "Xcode 3.2";
			developmentRegion = English;
			hasScannedForEncodings = 0;
			knownRegions = (
				en,
			);
			mainGroup = 22C41DAE16D4B2F900B4D937;
			productRefGroup = 22C41DB816D4B2F900B4D937 /* Products */;
			projectDirPath = "";
			projectRoot = "";
			targets = (
				22C41DB616D4B2F900B4D937 /* BrainHealth */,
			);
		};
/* End PBXProject section */

/* Begin PBXResourcesBuildPhase section */
		22C41DB516D4B2F900B4D937 /* Resources */ = {
			isa = PBXResourcesBuildPhase;
			buildActionMask = 2147483647;
			files = (
				22C41DC516D4B2F900B4D937 /* InfoPlist.strings in Resources */,
				22C41DCD16D4B2F900B4D937 /* Default.png in Resources */,
				22C41DCF16D4B2F900B4D937 /* Default@2x.png in Resources */,
				22C41DD116D4B2F900B4D937 /* Default-568h@2x.png in Resources */,
				22C41DD716D4B2FA00B4D937 /* RootViewController.xib in Resources */,
				4F2D33F816DDEA9900EAF948 /* Default-Landscape@2x~ipad.png in Resources */,
				4F2D33FC16DDEB0100EAF948 /* intro@2x.png in Resources */,
				4F2D33FD16DDEB0100EAF948 /* menu@2x.png in Resources */,
				4F2D340216DDEB8800EAF948 /* MenuViewController.xib in Resources */,
				4F55B0CC16E9B2B00035F578 /* admin@2x.png in Resources */,
				4F55B0CD16E9B2B00035F578 /* icon_ad_log@2x.png in Resources */,
				4F55B0CE16E9B2B00035F578 /* icon_back@2x.png in Resources */,
				4F55B0CF16E9B2B00035F578 /* icon_fus_log@2x.png in Resources */,
				4F55B0D016E9B2B00035F578 /* icon_info_id_no_h@2x.png in Resources */,
				4F55B0D116E9B2B00035F578 /* icon_menu_05@2x.png in Resources */,
				4F55B0D216E9B2B00035F578 /* icon_nus_log@2x.png in Resources */,
				4F55B0D316E9B2B00035F578 /* icon_us_log@2x.png in Resources */,
				4F55B0D416E9B2B00035F578 /* icon_user_log@2x.png in Resources */,
				4F55B0D516E9B2B00035F578 /* menu_01@2x.png in Resources */,
				4F55B0D616E9B2B00035F578 /* menu_01_BG_over@2x.png in Resources */,
				4F55B0D716E9B2B00035F578 /* menu_02@2x.png in Resources */,
				4F55B0D816E9B2B00035F578 /* menu_02_BG_over@2x.png in Resources */,
				4F55B0D916E9B2B00035F578 /* menu_03@2x.png in Resources */,
				4F55B0DA16E9B2B00035F578 /* menu_03_BG_over@2x.png in Resources */,
				4F55B0DB16E9B2B00035F578 /* menu_04@2x.png in Resources */,
				4F55B0DC16E9B2B00035F578 /* menu_04_BG_over@2x.png in Resources */,
				4F55B0DD16E9B2B00035F578 /* popup_01@2x.png in Resources */,
				4F55B0DE16E9B2B00035F578 /* title_01@2x.png in Resources */,
				4F55B0DF16E9B2B00035F578 /* title_02@2x.png in Resources */,
				4F55B0E016E9B2B00035F578 /* title_03@2x.png in Resources */,
				4F55B0E116E9B2B00035F578 /* title_bg@2x.png in Resources */,
				4F55B0E316E9C09A0035F578 /* icon.png in Resources */,
				4F55B0E516E9C0A10035F578 /* icon2.png in Resources */,
				4F55B0FB16E9D6B30035F578 /* LoginViewController.xib in Resources */,
				4F55B0FE16E9D7780035F578 /* 로그인_003.png in Resources */,
				4F6AFF4016F1CE8900AAD56E /* ManagerViewController.xib in Resources */,
				22965A7D16F1E5D40098F64A /* InfoViewController.xib in Resources */,
				4F7ACC6E17027E52006A7E39 /* manager_menu@2x.png in Resources */,
			);
			runOnlyForDeploymentPostprocessing = 0;
		};
/* End PBXResourcesBuildPhase section */

/* Begin PBXSourcesBuildPhase section */
		22C41DB316D4B2F900B4D937 /* Sources */ = {
			isa = PBXSourcesBuildPhase;
			buildActionMask = 2147483647;
			files = (
				22C41DC716D4B2F900B4D937 /* main.m in Sources */,
				22C41DCB16D4B2F900B4D937 /* AppDelegate.m in Sources */,
				22C41DD416D4B2F900B4D937 /* RootViewController.m in Sources */,
				4F2D340116DDEB8800EAF948 /* MenuViewController.m in Sources */,
				4F55B0FA16E9D6B30035F578 /* LoginViewController.m in Sources */,
				4F6AFF3F16F1CE8900AAD56E /* ManagerViewController.m in Sources */,
				22965A7C16F1E5D40098F64A /* InfoViewController.m in Sources */,
			);
			runOnlyForDeploymentPostprocessing = 0;
		};
/* End PBXSourcesBuildPhase section */

/* Begin PBXVariantGroup section */
		22C41DC316D4B2F900B4D937 /* InfoPlist.strings */ = {
			isa = PBXVariantGroup;
			children = (
				22C41DC416D4B2F900B4D937 /* en */,
			);
			name = InfoPlist.strings;
			sourceTree = "<group>";
		};
		22C41DD516D4B2FA00B4D937 /* RootViewController.xib */ = {
			isa = PBXVariantGroup;
			children = (
				22C41DD616D4B2FA00B4D937 /* en */,
			);
			name = RootViewController.xib;
			sourceTree = "<group>";
		};
/* End PBXVariantGroup section */

/* Begin XCBuildConfiguration section */
		22C41DD816D4B2FA00B4D937 /* Debug */ = {
			isa = XCBuildConfiguration;
			buildSettings = {
				ALWAYS_SEARCH_USER_PATHS = NO;
				CLANG_CXX_LANGUAGE_STANDARD = "gnu++0x";
				CLANG_CXX_LIBRARY = "libc++";
				CLANG_WARN_CONSTANT_CONVERSION = YES;
				CLANG_WARN_EMPTY_BODY = YES;
				CLANG_WARN_ENUM_CONVERSION = YES;
				CLANG_WARN_INT_CONVERSION = YES;
				CLANG_WARN__DUPLICATE_METHOD_MATCH = YES;
				"CODE_SIGN_IDENTITY[sdk=iphoneos*]" = "iPhone Developer";
				COPY_PHASE_STRIP = NO;
				GCC_C_LANGUAGE_STANDARD = gnu99;
				GCC_DYNAMIC_NO_PIC = NO;
				GCC_OPTIMIZATION_LEVEL = 0;
				GCC_PREPROCESSOR_DEFINITIONS = (
					"DEBUG=1",
					"$(inherited)",
				);
				GCC_SYMBOLS_PRIVATE_EXTERN = NO;
				GCC_WARN_ABOUT_RETURN_TYPE = YES;
				GCC_WARN_UNINITIALIZED_AUTOS = YES;
				GCC_WARN_UNUSED_VARIABLE = YES;
				IPHONEOS_DEPLOYMENT_TARGET = 5.1;
				ONLY_ACTIVE_ARCH = YES;
				SDKROOT = iphoneos;
				TARGETED_DEVICE_FAMILY = 2;
			};
			name = Debug;
		};
		22C41DD916D4B2FA00B4D937 /* Release */ = {
			isa = XCBuildConfiguration;
			buildSettings = {
				ALWAYS_SEARCH_USER_PATHS = NO;
				CLANG_CXX_LANGUAGE_STANDARD = "gnu++0x";
				CLANG_CXX_LIBRARY = "libc++";
				CLANG_WARN_CONSTANT_CONVERSION = YES;
				CLANG_WARN_EMPTY_BODY = YES;
				CLANG_WARN_ENUM_CONVERSION = YES;
				CLANG_WARN_INT_CONVERSION = YES;
				CLANG_WARN__DUPLICATE_METHOD_MATCH = YES;
				"CODE_SIGN_IDENTITY[sdk=iphoneos*]" = "iPhone Developer";
				COPY_PHASE_STRIP = YES;
				GCC_C_LANGUAGE_STANDARD = gnu99;
				GCC_WARN_ABOUT_RETURN_TYPE = YES;
				GCC_WARN_UNINITIALIZED_AUTOS = YES;
				GCC_WARN_UNUSED_VARIABLE = YES;
				IPHONEOS_DEPLOYMENT_TARGET = 5.1;
				OTHER_CFLAGS = "-DNS_BLOCK_ASSERTIONS=1";
				SDKROOT = iphoneos;
				TARGETED_DEVICE_FAMILY = 2;
				VALIDATE_PRODUCT = YES;
			};
			name = Release;
		};
		22C41DDB16D4B2FA00B4D937 /* Debug */ = {
			isa = XCBuildConfiguration;
			buildSettings = {
				GCC_PRECOMPILE_PREFIX_HEADER = YES;
				GCC_PREFIX_HEADER = "BrainHealth/BrainHealth-Prefix.pch";
				INFOPLIST_FILE = "BrainHealth/BrainHealth-Info.plist";
				IPHONEOS_DEPLOYMENT_TARGET = 5.1;
				PRODUCT_NAME = "$(TARGET_NAME)";
				WRAPPER_EXTENSION = app;
			};
			name = Debug;
		};
		22C41DDC16D4B2FA00B4D937 /* Release */ = {
			isa = XCBuildConfiguration;
			buildSettings = {
				GCC_PRECOMPILE_PREFIX_HEADER = YES;
				GCC_PREFIX_HEADER = "BrainHealth/BrainHealth-Prefix.pch";
				INFOPLIST_FILE = "BrainHealth/BrainHealth-Info.plist";
				IPHONEOS_DEPLOYMENT_TARGET = 5.1;
				PRODUCT_NAME = "$(TARGET_NAME)";
				WRAPPER_EXTENSION = app;
			};
			name = Release;
		};
/* End XCBuildConfiguration section */

/* Begin XCConfigurationList section */
		22C41DB216D4B2F900B4D937 /* Build configuration list for PBXProject "BrainHealth" */ = {
			isa = XCConfigurationList;
			buildConfigurations = (
				22C41DD816D4B2FA00B4D937 /* Debug */,
				22C41DD916D4B2FA00B4D937 /* Release */,
			);
			defaultConfigurationIsVisible = 0;
			defaultConfigurationName = Release;
		};
		22C41DDA16D4B2FA00B4D937 /* Build configuration list for PBXNativeTarget "BrainHealth" */ = {
			isa = XCConfigurationList;
			buildConfigurations = (
				22C41DDB16D4B2FA00B4D937 /* Debug */,
				22C41DDC16D4B2FA00B4D937 /* Release */,
			);
			defaultConfigurationIsVisible = 0;
			defaultConfigurationName = Release;
		};
/* End XCConfigurationList section */
	};
	rootObject = 22C41DAF16D4B2F900B4D937 /* Project object */;
}
